
Microsoft Visual Studio Solution File, Format Version 12.00
# Visual Studio Version 17
VisualStudioVersion = 17.11.35303.130
MinimumVisualStudioVersion = 10.0.40219.1
Project("{FAE04EC0-301F-11D3-BF4B-00C04F79EFBC}") = "Server_Perlin", "Server_Perlin\Server_Perlin.csproj", "{956974A7-A603-4CE5-9B97-F7E77FAA81EA}"
EndProject
Global
	GlobalSection(SolutionConfigurationPlatforms) = preSolution
		Debug|Any CPU = Debug|Any CPU
		Release|Any CPU = Release|Any CPU
	EndGlobalSection
	GlobalSection(ProjectConfigurationPlatforms) = postSolution
		{956974A7-A603-4CE5-9B97-F7E77FAA81EA}.Debug|Any CPU.ActiveCfg = Debug|Any CPU
		{956974A7-A603-4CE5-9B97-F7E77FAA81EA}.Debug|Any CPU.Build.0 = Debug|Any CPU
		{956974A7-A603-4CE5-9B97-F7E77FAA81EA}.Release|Any CPU.ActiveCfg = Release|Any CPU
		{956974A7-A603-4CE5-9B97-F7E77FAA81EA}.Release|Any CPU.Build.0 = Release|Any CPU
	EndGlobalSection
	GlobalSection(SolutionProperties) = preSolution
		HideSolutionNode = FALSE
	EndGlobalSection
	GlobalSection(ExtensibilityGlobals) = postSolution
		SolutionGuid = {8865D73D-0721-46BE-821A-61B6EF77883A}
	EndGlobalSection
EndGlobal
