
Microsoft Visual Studio Solution File, Format Version 12.00
# Visual Studio Version 17
VisualStudioVersion = 17.11.35327.3
MinimumVisualStudioVersion = 10.0.40219.1
Project("{9A19103F-16F7-4668-BE54-9A1E7A4F7556}") = "CRUDServis", "CRUDServis\CRUDServis.csproj", "{8FCD42A6-B8C2-4034-8D4F-B0DBFE5D8E99}"
EndProject
Global
	GlobalSection(SolutionConfigurationPlatforms) = preSolution
		Debug|Any CPU = Debug|Any CPU
		Release|Any CPU = Release|Any CPU
	EndGlobalSection
	GlobalSection(ProjectConfigurationPlatforms) = postSolution
		{8FCD42A6-B8C2-4034-8D4F-B0DBFE5D8E99}.Debug|Any CPU.ActiveCfg = Debug|Any CPU
		{8FCD42A6-B8C2-4034-8D4F-B0DBFE5D8E99}.Debug|Any CPU.Build.0 = Debug|Any CPU
		{8FCD42A6-B8C2-4034-8D4F-B0DBFE5D8E99}.Release|Any CPU.ActiveCfg = Release|Any CPU
		{8FCD42A6-B8C2-4034-8D4F-B0DBFE5D8E99}.Release|Any CPU.Build.0 = Release|Any CPU
	EndGlobalSection
	GlobalSection(SolutionProperties) = preSolution
		HideSolutionNode = FALSE
	EndGlobalSection
	GlobalSection(ExtensibilityGlobals) = postSolution
		SolutionGuid = {969D63AD-A3FE-4E6D-8009-7C9F12CB157F}
	EndGlobalSection
EndGlobal
