
Microsoft Visual Studio Solution File, Format Version 12.00
# Visual Studio Version 17
VisualStudioVersion = 17.11.35303.130
MinimumVisualStudioVersion = 10.0.40219.1
Project("{FAE04EC0-301F-11D3-BF4B-00C04F79EFBC}") = "Лаба№21", "Лаба№21\Лаба№21.csproj", "{F49FEA7B-2A1C-47C2-90B8-70E2B3B197A2}"
EndProject
Global
	GlobalSection(SolutionConfigurationPlatforms) = preSolution
		Debug|Any CPU = Debug|Any CPU
		Release|Any CPU = Release|Any CPU
	EndGlobalSection
	GlobalSection(ProjectConfigurationPlatforms) = postSolution
		{F49FEA7B-2A1C-47C2-90B8-70E2B3B197A2}.Debug|Any CPU.ActiveCfg = Debug|Any CPU
		{F49FEA7B-2A1C-47C2-90B8-70E2B3B197A2}.Debug|Any CPU.Build.0 = Debug|Any CPU
		{F49FEA7B-2A1C-47C2-90B8-70E2B3B197A2}.Release|Any CPU.ActiveCfg = Release|Any CPU
		{F49FEA7B-2A1C-47C2-90B8-70E2B3B197A2}.Release|Any CPU.Build.0 = Release|Any CPU
	EndGlobalSection
	GlobalSection(SolutionProperties) = preSolution
		HideSolutionNode = FALSE
	EndGlobalSection
	GlobalSection(ExtensibilityGlobals) = postSolution
		SolutionGuid = {A1DD865A-35B3-4A32-AF62-33CFDF58E820}
	EndGlobalSection
EndGlobal
